
Microsoft Visual Studio Solution File, Format Version 12.00
# Visual Studio 14
VisualStudioVersion = 14.0.25420.1
MinimumVisualStudioVersion = 10.0.40219.1
Project("{FAE04EC0-301F-11D3-BF4B-00C04F79EFBC}") = "PCRBattleRecorder", "PCRBattleRecorder\PCRBattleRecorder.csproj", "{C9325D5D-D1C8-4A1E-9A23-35490F5B1E5A}"
	ProjectSection(ProjectDependencies) = postProject
		{F19369E7-33D5-4335-8B79-31C163A117AA} = {F19369E7-33D5-4335-8B79-31C163A117AA}
	EndProjectSection
EndProject
Project("{FAE04EC0-301F-11D3-BF4B-00C04F79EFBC}") = "PCRTools", "PCRTools\PCRTools.csproj", "{F19369E7-33D5-4335-8B79-31C163A117AA}"
EndProject
Project("{FAE04EC0-301F-11D3-BF4B-00C04F79EFBC}") = "PCRTemplateImgTool", "PCRTemplateImgTool\PCRTemplateImgTool.csproj", "{770B23D0-68E4-49CF-B8CB-B2912DC9437A}"
	ProjectSection(ProjectDependencies) = postProject
		{F19369E7-33D5-4335-8B79-31C163A117AA} = {F19369E7-33D5-4335-8B79-31C163A117AA}
	EndProjectSection
EndProject
Project("{FAE04EC0-301F-11D3-BF4B-00C04F79EFBC}") = "PCRArenaSearchScript", "PCRArenaSearchScript\PCRArenaSearchScript.csproj", "{2CF17296-3191-4638-8938-2350A1F6BFF7}"
EndProject
Project("{FAE04EC0-301F-11D3-BF4B-00C04F79EFBC}") = "PCRPluginTest", "PCRPluginTest\PCRPluginTest.csproj", "{4AF82624-C3FF-4720-98F4-B1B179565F7E}"
	ProjectSection(ProjectDependencies) = postProject
		{863BF7B2-3E8E-4468-9CD1-4F45BAB211A7} = {863BF7B2-3E8E-4468-9CD1-4F45BAB211A7}
	EndProjectSection
EndProject
Project("{FAE04EC0-301F-11D3-BF4B-00C04F79EFBC}") = "PackTools", "PackTools\PackTools.csproj", "{DCD3C872-A7A0-47C2-926A-6A6ABF0502AA}"
EndProject
Project("{FAE04EC0-301F-11D3-BF4B-00C04F79EFBC}") = "PCRBattleScripts", "PCRBattleScripts\PCRBattleScripts.csproj", "{5394EA1F-854D-4CE3-8524-45CF123043C8}"
EndProject
Project("{FAE04EC0-301F-11D3-BF4B-00C04F79EFBC}") = "PCRPluginScripts", "PCRPluginScripts\PCRPluginScripts.csproj", "{863BF7B2-3E8E-4468-9CD1-4F45BAB211A7}"
EndProject
Global
	GlobalSection(SolutionConfigurationPlatforms) = preSolution
		Debug|Any CPU = Debug|Any CPU
		Release|Any CPU = Release|Any CPU
	EndGlobalSection
	GlobalSection(ProjectConfigurationPlatforms) = postSolution
		{C9325D5D-D1C8-4A1E-9A23-35490F5B1E5A}.Debug|Any CPU.ActiveCfg = Debug|Any CPU
		{C9325D5D-D1C8-4A1E-9A23-35490F5B1E5A}.Debug|Any CPU.Build.0 = Debug|Any CPU
		{C9325D5D-D1C8-4A1E-9A23-35490F5B1E5A}.Release|Any CPU.ActiveCfg = Release|Any CPU
		{C9325D5D-D1C8-4A1E-9A23-35490F5B1E5A}.Release|Any CPU.Build.0 = Release|Any CPU
		{F19369E7-33D5-4335-8B79-31C163A117AA}.Debug|Any CPU.ActiveCfg = Debug|Any CPU
		{F19369E7-33D5-4335-8B79-31C163A117AA}.Debug|Any CPU.Build.0 = Debug|Any CPU
		{F19369E7-33D5-4335-8B79-31C163A117AA}.Release|Any CPU.ActiveCfg = Release|Any CPU
		{F19369E7-33D5-4335-8B79-31C163A117AA}.Release|Any CPU.Build.0 = Release|Any CPU
		{770B23D0-68E4-49CF-B8CB-B2912DC9437A}.Debug|Any CPU.ActiveCfg = Debug|Any CPU
		{770B23D0-68E4-49CF-B8CB-B2912DC9437A}.Debug|Any CPU.Build.0 = Debug|Any CPU
		{770B23D0-68E4-49CF-B8CB-B2912DC9437A}.Release|Any CPU.ActiveCfg = Release|Any CPU
		{770B23D0-68E4-49CF-B8CB-B2912DC9437A}.Release|Any CPU.Build.0 = Release|Any CPU
		{2CF17296-3191-4638-8938-2350A1F6BFF7}.Debug|Any CPU.ActiveCfg = Debug|Any CPU
		{2CF17296-3191-4638-8938-2350A1F6BFF7}.Debug|Any CPU.Build.0 = Debug|Any CPU
		{2CF17296-3191-4638-8938-2350A1F6BFF7}.Release|Any CPU.ActiveCfg = Release|Any CPU
		{2CF17296-3191-4638-8938-2350A1F6BFF7}.Release|Any CPU.Build.0 = Release|Any CPU
		{4AF82624-C3FF-4720-98F4-B1B179565F7E}.Debug|Any CPU.ActiveCfg = Debug|Any CPU
		{4AF82624-C3FF-4720-98F4-B1B179565F7E}.Debug|Any CPU.Build.0 = Debug|Any CPU
		{4AF82624-C3FF-4720-98F4-B1B179565F7E}.Release|Any CPU.ActiveCfg = Release|Any CPU
		{4AF82624-C3FF-4720-98F4-B1B179565F7E}.Release|Any CPU.Build.0 = Release|Any CPU
		{DCD3C872-A7A0-47C2-926A-6A6ABF0502AA}.Debug|Any CPU.ActiveCfg = Debug|Any CPU
		{DCD3C872-A7A0-47C2-926A-6A6ABF0502AA}.Debug|Any CPU.Build.0 = Debug|Any CPU
		{DCD3C872-A7A0-47C2-926A-6A6ABF0502AA}.Release|Any CPU.ActiveCfg = Release|Any CPU
		{DCD3C872-A7A0-47C2-926A-6A6ABF0502AA}.Release|Any CPU.Build.0 = Release|Any CPU
		{5394EA1F-854D-4CE3-8524-45CF123043C8}.Debug|Any CPU.ActiveCfg = Debug|Any CPU
		{5394EA1F-854D-4CE3-8524-45CF123043C8}.Debug|Any CPU.Build.0 = Debug|Any CPU
		{5394EA1F-854D-4CE3-8524-45CF123043C8}.Release|Any CPU.ActiveCfg = Release|Any CPU
		{5394EA1F-854D-4CE3-8524-45CF123043C8}.Release|Any CPU.Build.0 = Release|Any CPU
		{863BF7B2-3E8E-4468-9CD1-4F45BAB211A7}.Debug|Any CPU.ActiveCfg = Debug|Any CPU
		{863BF7B2-3E8E-4468-9CD1-4F45BAB211A7}.Debug|Any CPU.Build.0 = Debug|Any CPU
		{863BF7B2-3E8E-4468-9CD1-4F45BAB211A7}.Release|Any CPU.ActiveCfg = Release|Any CPU
		{863BF7B2-3E8E-4468-9CD1-4F45BAB211A7}.Release|Any CPU.Build.0 = Release|Any CPU
	EndGlobalSection
	GlobalSection(SolutionProperties) = preSolution
		HideSolutionNode = FALSE
	EndGlobalSection
EndGlobal
