
Microsoft Visual Studio Solution File, Format Version 12.00
# Visual Studio 14
VisualStudioVersion = 14.0.25420.1
MinimumVisualStudioVersion = 10.0.40219.1
Project("{FAE04EC0-301F-11D3-BF4B-00C04F79EFBC}") = "PCRBattleRecorder", "PCRBattleRecorder\PCRBattleRecorder.csproj", "{C9325D5D-D1C8-4A1E-9A23-35490F5B1E5A}"
EndProject
Project("{FAE04EC0-301F-11D3-BF4B-00C04F79EFBC}") = "PCRTools", "PCRTools\PCRTools.csproj", "{F19369E7-33D5-4335-8B79-31C163A117AA}"
EndProject
Global
	GlobalSection(SolutionConfigurationPlatforms) = preSolution
		Debug|Any CPU = Debug|Any CPU
		Release|Any CPU = Release|Any CPU
	EndGlobalSection
	GlobalSection(ProjectConfigurationPlatforms) = postSolution
		{C9325D5D-D1C8-4A1E-9A23-35490F5B1E5A}.Debug|Any CPU.ActiveCfg = Debug|Any CPU
		{C9325D5D-D1C8-4A1E-9A23-35490F5B1E5A}.Debug|Any CPU.Build.0 = Debug|Any CPU
		{C9325D5D-D1C8-4A1E-9A23-35490F5B1E5A}.Release|Any CPU.ActiveCfg = Release|Any CPU
		{C9325D5D-D1C8-4A1E-9A23-35490F5B1E5A}.Release|Any CPU.Build.0 = Release|Any CPU
		{F19369E7-33D5-4335-8B79-31C163A117AA}.Debug|Any CPU.ActiveCfg = Debug|Any CPU
		{F19369E7-33D5-4335-8B79-31C163A117AA}.Debug|Any CPU.Build.0 = Debug|Any CPU
		{F19369E7-33D5-4335-8B79-31C163A117AA}.Release|Any CPU.ActiveCfg = Release|Any CPU
		{F19369E7-33D5-4335-8B79-31C163A117AA}.Release|Any CPU.Build.0 = Release|Any CPU
	EndGlobalSection
	GlobalSection(SolutionProperties) = preSolution
		HideSolutionNode = FALSE
	EndGlobalSection
EndGlobal
